// !$*UTF8*$!
{
	archiveVersion = 1;
	classes = {
	};
	objectVersion = 77;
	objects = {

/* Begin PBXBuildFile section */
		A978FE1A2F5141120050C6E1 /* ZIPFoundation in Frameworks */ = {isa = PBXBuildFile; productRef = A97DF7A12ECD42E4009A20DD /* ZIPFoundation */; };
		A97DF79F2ECD42E4009A20DD /* ZIPFoundation in Frameworks */ = {isa = PBXBuildFile; productRef = A97DF7A12ECD42E4009A20DD /* ZIPFoundation */; };
/* End PBXBuildFile section */

/* Begin PBXContainerItemProxy section */
		A978FE002F5141120050C6E1 /* PBXContainerItemProxy */ = {
			isa = PBXContainerItemProxy;
			containerPortal = A97DF75F2ECD42E3009A20DD /* Project object */;
			proxyType = 1;
			remoteGlobalIDString = A978FDED2F5141110050C6E1;
			remoteInfo = BetaWindowReporter;
		};
		A978FE0A2F5141120050C6E1 /* PBXContainerItemProxy */ = {
			isa = PBXContainerItemProxy;
			containerPortal = A97DF75F2ECD42E3009A20DD /* Project object */;
			proxyType = 1;
			remoteGlobalIDString = A978FDED2F5141110050C6E1;
			remoteInfo = BetaWindowReporter;
		};
		A97DF7782ECD42E4009A20DD /* PBXContainerItemProxy */ = {
			isa = PBXContainerItemProxy;
			containerPortal = A97DF75F2ECD42E3009A20DD /* Project object */;
			proxyType = 1;
			remoteGlobalIDString = A97DF7662ECD42E3009A20DD;
			remoteInfo = WindowReporter;
		};
		A97DF7822ECD42E4009A20DD /* PBXContainerItemProxy */ = {
			isa = PBXContainerItemProxy;
			containerPortal = A97DF75F2ECD42E3009A20DD /* Project object */;
			proxyType = 1;
			remoteGlobalIDString = A97DF7662ECD42E3009A20DD;
			remoteInfo = WindowReporter;
		};
/* End PBXContainerItemProxy section */

/* Begin PBXFileReference section */
		A978FDEE2F5141110050C6E1 /* BetaWindowReporter.app */ = {isa = PBXFileReference; explicitFileType = wrapper.application; includeInIndex = 0; path = BetaWindowReporter.app; sourceTree = BUILT_PRODUCTS_DIR; };
		A978FDFF2F5141120050C6E1 /* BetaWindowReporterTests.xctest */ = {isa = PBXFileReference; explicitFileType = wrapper.cfbundle; includeInIndex = 0; path = BetaWindowReporterTests.xctest; sourceTree = BUILT_PRODUCTS_DIR; };
		A978FE092F5141120050C6E1 /* BetaWindowReporterUITests.xctest */ = {isa = PBXFileReference; explicitFileType = wrapper.cfbundle; includeInIndex = 0; path = BetaWindowReporterUITests.xctest; sourceTree = BUILT_PRODUCTS_DIR; };
		A97DF7672ECD42E3009A20DD /* WindowReporter.app */ = {isa = PBXFileReference; explicitFileType = wrapper.application; includeInIndex = 0; path = WindowReporter.app; sourceTree = BUILT_PRODUCTS_DIR; };
		A97DF7772ECD42E4009A20DD /* WindowReporterTests.xctest */ = {isa = PBXFileReference; explicitFileType = wrapper.cfbundle; includeInIndex = 0; path = WindowReporterTests.xctest; sourceTree = BUILT_PRODUCTS_DIR; };
		A97DF7812ECD42E4009A20DD /* WindowReporterUITests.xctest */ = {isa = PBXFileReference; explicitFileType = wrapper.cfbundle; includeInIndex = 0; path = WindowReporterUITests.xctest; sourceTree = BUILT_PRODUCTS_DIR; };
/* End PBXFileReference section */

/* Begin PBXFileSystemSynchronizedBuildFileExceptionSet section */
		A978FE212F51412E0050C6E1 /* Exceptions for "WindowReporter" folder in "BetaWindowReporter" target */ = {
			isa = PBXFileSystemSynchronizedBuildFileExceptionSet;
			membershipExceptions = (
				AddressCleaningUtility.swift,
				AppNotifications.swift,
				Assets.xcassets,
				BaseTemplateWithImage.docx,
				ContentView.swift,
				CreateJobView.swift,
				EditJobView.swift,
				ExportService.swift,
				images/EngineerStamp.png,
				images/EquipmentCalibrationRainMaker.jpg,
				images/HurricaneMilton.png,
				images/PartsOfWindow.png,
				images/screenshotOfCoverPageImage.png,
				images/TrueLogoDark.png,
				images/TrueLogoEmailLight.jpg,
				ImportJobsView.swift,
				JobDetailView.swift,
				JobImportService.swift,
				JobStatus.swift,
				LocationMarkerView.swift,
				macOSPhotoImportService.swift,
				macOSPhotoPicker.swift,
				Persistence.swift,
				PhotoGalleryView.swift,
				PhotoLargeGalleryView.swift,
				PhotoNoteCategories.swift,
				SettingsView.swift,
				UntestedReasonSelectionView.swift,
				"window-types/window-awning.png",
				"window-types/window-casement.png",
				"window-types/window-center-pivot.png",
				"window-types/window-doublehung.png",
				"window-types/window-fixed.png",
				"window-types/window-hopper.png",
				"window-types/window-jalousie.png",
				"window-types/window-singlehung.png",
				"window-types/window-sliding.png",
				WindowEditorView.swift,
				WindowReporter.xcdatamodeld,
				WindowTypePicker.swift,
			);
			target = A978FDED2F5141110050C6E1 /* BetaWindowReporter */;
		};
/* End PBXFileSystemSynchronizedBuildFileExceptionSet section */

/* Begin PBXFileSystemSynchronizedRootGroup section */
		A978FDEF2F5141110050C6E1 /* BetaWindowReporter */ = {
			isa = PBXFileSystemSynchronizedRootGroup;
			path = BetaWindowReporter;
			sourceTree = "<group>";
		};
		A978FE022F5141120050C6E1 /* BetaWindowReporterTests */ = {
			isa = PBXFileSystemSynchronizedRootGroup;
			path = BetaWindowReporterTests;
			sourceTree = "<group>";
		};
		A978FE0C2F5141120050C6E1 /* BetaWindowReporterUITests */ = {
			isa = PBXFileSystemSynchronizedRootGroup;
			path = BetaWindowReporterUITests;
			sourceTree = "<group>";
		};
		A97DF7692ECD42E3009A20DD /* WindowReporter */ = {
			isa = PBXFileSystemSynchronizedRootGroup;
			exceptions = (
				A978FE212F51412E0050C6E1 /* Exceptions for "WindowReporter" folder in "BetaWindowReporter" target */,
			);
			path = WindowReporter;
			sourceTree = "<group>";
		};
		A97DF77A2ECD42E4009A20DD /* WindowReporterTests */ = {
			isa = PBXFileSystemSynchronizedRootGroup;
			path = WindowReporterTests;
			sourceTree = "<group>";
		};
		A97DF7842ECD42E4009A20DD /* WindowReporterUITests */ = {
			isa = PBXFileSystemSynchronizedRootGroup;
			path = WindowReporterUITests;
			sourceTree = "<group>";
		};
/* End PBXFileSystemSynchronizedRootGroup section */

/* Begin PBXFrameworksBuildPhase section */
		A978FDEB2F5141110050C6E1 /* Frameworks */ = {
			isa = PBXFrameworksBuildPhase;
			buildActionMask = 2147483647;
			files = (
				A978FE1A2F5141120050C6E1 /* ZIPFoundation in Frameworks */,
			);
			runOnlyForDeploymentPostprocessing = 0;
		};
		A978FDFC2F5141120050C6E1 /* Frameworks */ = {
			isa = PBXFrameworksBuildPhase;
			buildActionMask = 2147483647;
			files = (
			);
			runOnlyForDeploymentPostprocessing = 0;
		};
		A978FE062F5141120050C6E1 /* Frameworks */ = {
			isa = PBXFrameworksBuildPhase;
			buildActionMask = 2147483647;
			files = (
			);
			runOnlyForDeploymentPostprocessing = 0;
		};
		A97DF7642ECD42E3009A20DD /* Frameworks */ = {
			isa = PBXFrameworksBuildPhase;
			buildActionMask = 2147483647;
			files = (
				A97DF79F2ECD42E4009A20DD /* ZIPFoundation in Frameworks */,
			);
			runOnlyForDeploymentPostprocessing = 0;
		};
		A97DF7742ECD42E4009A20DD /* Frameworks */ = {
			isa = PBXFrameworksBuildPhase;
			buildActionMask = 2147483647;
			files = (
			);
			runOnlyForDeploymentPostprocessing = 0;
		};
		A97DF77E2ECD42E4009A20DD /* Frameworks */ = {
			isa = PBXFrameworksBuildPhase;
			buildActionMask = 2147483647;
			files = (
			);
			runOnlyForDeploymentPostprocessing = 0;
		};
/* End PBXFrameworksBuildPhase section */

/* Begin PBXGroup section */
		A97DF75E2ECD42E3009A20DD = {
			isa = PBXGroup;
			children = (
				A97DF7692ECD42E3009A20DD /* WindowReporter */,
				A97DF77A2ECD42E4009A20DD /* WindowReporterTests */,
				A97DF7842ECD42E4009A20DD /* WindowReporterUITests */,
				A978FDEF2F5141110050C6E1 /* BetaWindowReporter */,
				A978FE022F5141120050C6E1 /* BetaWindowReporterTests */,
				A978FE0C2F5141120050C6E1 /* BetaWindowReporterUITests */,
				A97DF7682ECD42E3009A20DD /* Products */,
			);
			sourceTree = "<group>";
		};
		A97DF7682ECD42E3009A20DD /* Products */ = {
			isa = PBXGroup;
			children = (
				A97DF7672ECD42E3009A20DD /* WindowReporter.app */,
				A97DF7772ECD42E4009A20DD /* WindowReporterTests.xctest */,
				A97DF7812ECD42E4009A20DD /* WindowReporterUITests.xctest */,
				A978FDEE2F5141110050C6E1 /* BetaWindowReporter.app */,
				A978FDFF2F5141120050C6E1 /* BetaWindowReporterTests.xctest */,
				A978FE092F5141120050C6E1 /* BetaWindowReporterUITests.xctest */,
			);
			name = Products;
			sourceTree = "<group>";
		};
/* End PBXGroup section */

/* Begin PBXNativeTarget section */
		A978FDED2F5141110050C6E1 /* BetaWindowReporter */ = {
			isa = PBXNativeTarget;
			buildConfigurationList = A978FE112F5141120050C6E1 /* Build configuration list for PBXNativeTarget "BetaWindowReporter" */;
			buildPhases = (
				A978FDEA2F5141110050C6E1 /* Sources */,
				A978FDEB2F5141110050C6E1 /* Frameworks */,
				A978FDEC2F5141110050C6E1 /* Resources */,
				A978FE1B2F5141120050C6E1 /* Remove quarantine for TestFlight */,
			);
			buildRules = (
			);
			dependencies = (
			);
			fileSystemSynchronizedGroups = (
				A978FDEF2F5141110050C6E1 /* BetaWindowReporter */,
			);
			name = BetaWindowReporter;
			packageProductDependencies = (
				A97DF7A12ECD42E4009A20DD /* ZIPFoundation */,
			);
			productName = BetaWindowReporter;
			productReference = A978FDEE2F5141110050C6E1 /* BetaWindowReporter.app */;
			productType = "com.apple.product-type.application";
		};
		A978FDFE2F5141120050C6E1 /* BetaWindowReporterTests */ = {
			isa = PBXNativeTarget;
			buildConfigurationList = A978FE142F5141120050C6E1 /* Build configuration list for PBXNativeTarget "BetaWindowReporterTests" */;
			buildPhases = (
				A978FDFB2F5141120050C6E1 /* Sources */,
				A978FDFC2F5141120050C6E1 /* Frameworks */,
				A978FDFD2F5141120050C6E1 /* Resources */,
			);
			buildRules = (
			);
			dependencies = (
				A978FE012F5141120050C6E1 /* PBXTargetDependency */,
			);
			fileSystemSynchronizedGroups = (
				A978FE022F5141120050C6E1 /* BetaWindowReporterTests */,
			);
			name = BetaWindowReporterTests;
			packageProductDependencies = (
			);
			productName = BetaWindowReporterTests;
			productReference = A978FDFF2F5141120050C6E1 /* BetaWindowReporterTests.xctest */;
			productType = "com.apple.product-type.bundle.unit-test";
		};
		A978FE082F5141120050C6E1 /* BetaWindowReporterUITests */ = {
			isa = PBXNativeTarget;
			buildConfigurationList = A978FE172F5141120050C6E1 /* Build configuration list for PBXNativeTarget "BetaWindowReporterUITests" */;
			buildPhases = (
				A978FE052F5141120050C6E1 /* Sources */,
				A978FE062F5141120050C6E1 /* Frameworks */,
				A978FE072F5141120050C6E1 /* Resources */,
			);
			buildRules = (
			);
			dependencies = (
				A978FE0B2F5141120050C6E1 /* PBXTargetDependency */,
			);
			fileSystemSynchronizedGroups = (
				A978FE0C2F5141120050C6E1 /* BetaWindowReporterUITests */,
			);
			name = BetaWindowReporterUITests;
			packageProductDependencies = (
			);
			productName = BetaWindowReporterUITests;
			productReference = A978FE092F5141120050C6E1 /* BetaWindowReporterUITests.xctest */;
			productType = "com.apple.product-type.bundle.ui-testing";
		};
		A97DF7662ECD42E3009A20DD /* WindowReporter */ = {
			isa = PBXNativeTarget;
			buildConfigurationList = A97DF78A2ECD42E4009A20DD /* Build configuration list for PBXNativeTarget "WindowReporter" */;
			buildPhases = (
				A97DF7632ECD42E3009A20DD /* Sources */,
				A97DF7642ECD42E3009A20DD /* Frameworks */,
				A97DF7652ECD42E3009A20DD /* Resources */,
				A97DF7A32ECD42E4009A20DD /* Remove quarantine for TestFlight */,
			);
			buildRules = (
			);
			dependencies = (
			);
			fileSystemSynchronizedGroups = (
				A97DF7692ECD42E3009A20DD /* WindowReporter */,
			);
			name = WindowReporter;
			packageProductDependencies = (
				A97DF7A12ECD42E4009A20DD /* ZIPFoundation */,
			);
			productName = WindowReporter;
			productReference = A97DF7672ECD42E3009A20DD /* WindowReporter.app */;
			productType = "com.apple.product-type.application";
		};
		A97DF7762ECD42E4009A20DD /* WindowReporterTests */ = {
			isa = PBXNativeTarget;
			buildConfigurationList = A97DF78F2ECD42E4009A20DD /* Build configuration list for PBXNativeTarget "WindowReporterTests" */;
			buildPhases = (
				A97DF7732ECD42E4009A20DD /* Sources */,
				A97DF7742ECD42E4009A20DD /* Frameworks */,
				A97DF7752ECD42E4009A20DD /* Resources */,
			);
			buildRules = (
			);
			dependencies = (
				A97DF7792ECD42E4009A20DD /* PBXTargetDependency */,
			);
			fileSystemSynchronizedGroups = (
				A97DF77A2ECD42E4009A20DD /* WindowReporterTests */,
			);
			name = WindowReporterTests;
			packageProductDependencies = (
			);
			productName = WindowReporterTests;
			productReference = A97DF7772ECD42E4009A20DD /* WindowReporterTests.xctest */;
			productType = "com.apple.product-type.bundle.unit-test";
		};
		A97DF7802ECD42E4009A20DD /* WindowReporterUITests */ = {
			isa = PBXNativeTarget;
			buildConfigurationList = A97DF7922ECD42E4009A20DD /* Build configuration list for PBXNativeTarget "WindowReporterUITests" */;
			buildPhases = (
				A97DF77D2ECD42E4009A20DD /* Sources */,
				A97DF77E2ECD42E4009A20DD /* Frameworks */,
				A97DF77F2ECD42E4009A20DD /* Resources */,
			);
			buildRules = (
			);
			dependencies = (
				A97DF7832ECD42E4009A20DD /* PBXTargetDependency */,
			);
			fileSystemSynchronizedGroups = (
				A97DF7842ECD42E4009A20DD /* WindowReporterUITests */,
			);
			name = WindowReporterUITests;
			packageProductDependencies = (
			);
			productName = WindowReporterUITests;
			productReference = A97DF7812ECD42E4009A20DD /* WindowReporterUITests.xctest */;
			productType = "com.apple.product-type.bundle.ui-testing";
		};
/* End PBXNativeTarget section */

/* Begin PBXProject section */
		A97DF75F2ECD42E3009A20DD /* Project object */ = {
			isa = PBXProject;
			attributes = {
				BuildIndependentTargetsInParallel = 1;
				LastSwiftUpdateCheck = 2610;
				LastUpgradeCheck = 2610;
				TargetAttributes = {
					A978FDED2F5141110050C6E1 = {
						CreatedOnToolsVersion = 26.1.1;
					};
					A978FDFE2F5141120050C6E1 = {
						CreatedOnToolsVersion = 26.1.1;
						TestTargetID = A978FDED2F5141110050C6E1;
					};
					A978FE082F5141120050C6E1 = {
						CreatedOnToolsVersion = 26.1.1;
						TestTargetID = A978FDED2F5141110050C6E1;
					};
					A97DF7662ECD42E3009A20DD = {
						CreatedOnToolsVersion = 26.1;
					};
					A97DF7762ECD42E4009A20DD = {
						CreatedOnToolsVersion = 26.1;
						TestTargetID = A97DF7662ECD42E3009A20DD;
					};
					A97DF7802ECD42E4009A20DD = {
						CreatedOnToolsVersion = 26.1;
						TestTargetID = A97DF7662ECD42E3009A20DD;
					};
				};
			};
			buildConfigurationList = A97DF7622ECD42E3009A20DD /* Build configuration list for PBXProject "WindowReporter" */;
			developmentRegion = en;
			hasScannedForEncodings = 0;
			knownRegions = (
				en,
				Base,
			);
			mainGroup = A97DF75E2ECD42E3009A20DD;
			minimizedProjectReferenceProxies = 1;
			packageReferences = (
				A97DF7A02ECD42E4009A20DD /* XCRemoteSwiftPackageReference "ZIPFoundation" */,
			);
			preferredProjectObjectVersion = 77;
			productRefGroup = A97DF7682ECD42E3009A20DD /* Products */;
			projectDirPath = "";
			projectRoot = "";
			targets = (
				A97DF7662ECD42E3009A20DD /* WindowReporter */,
				A97DF7762ECD42E4009A20DD /* WindowReporterTests */,
				A97DF7802ECD42E4009A20DD /* WindowReporterUITests */,
				A978FDED2F5141110050C6E1 /* BetaWindowReporter */,
				A978FDFE2F5141120050C6E1 /* BetaWindowReporterTests */,
				A978FE082F5141120050C6E1 /* BetaWindowReporterUITests */,
			);
		};
/* End PBXProject section */

/* Begin PBXResourcesBuildPhase section */
		A978FDEC2F5141110050C6E1 /* Resources */ = {
			isa = PBXResourcesBuildPhase;
			buildActionMask = 2147483647;
			files = (
			);
			runOnlyForDeploymentPostprocessing = 0;
		};
		A978FDFD2F5141120050C6E1 /* Resources */ = {
			isa = PBXResourcesBuildPhase;
			buildActionMask = 2147483647;
			files = (
			);
			runOnlyForDeploymentPostprocessing = 0;
		};
		A978FE072F5141120050C6E1 /* Resources */ = {
			isa = PBXResourcesBuildPhase;
			buildActionMask = 2147483647;
			files = (
			);
			runOnlyForDeploymentPostprocessing = 0;
		};
		A97DF7652ECD42E3009A20DD /* Resources */ = {
			isa = PBXResourcesBuildPhase;
			buildActionMask = 2147483647;
			files = (
			);
			runOnlyForDeploymentPostprocessing = 0;
		};
		A97DF7752ECD42E4009A20DD /* Resources */ = {
			isa = PBXResourcesBuildPhase;
			buildActionMask = 2147483647;
			files = (
			);
			runOnlyForDeploymentPostprocessing = 0;
		};
		A97DF77F2ECD42E4009A20DD /* Resources */ = {
			isa = PBXResourcesBuildPhase;
			buildActionMask = 2147483647;
			files = (
			);
			runOnlyForDeploymentPostprocessing = 0;
		};
/* End PBXResourcesBuildPhase section */

/* Begin PBXShellScriptBuildPhase section */
		A978FE1B2F5141120050C6E1 /* Remove quarantine for TestFlight */ = {
			isa = PBXShellScriptBuildPhase;
			buildActionMask = 2147483647;
			files = (
			);
			inputFileListPaths = (
			);
			inputPaths = (
			);
			name = "Remove quarantine for TestFlight";
			outputFileListPaths = (
			);
			outputPaths = (
			);
			runOnlyForDeploymentPostprocessing = 0;
			shellPath = /bin/sh;
			shellScript = "# Remove quarantine xattr from app bundle (required for TestFlight/App Store)\nif [ -d \"${BUILT_PRODUCTS_DIR}/${WRAPPER_NAME}\" ]; then\n  find \"${BUILT_PRODUCTS_DIR}/${WRAPPER_NAME}\" -type f -exec xattr -d com.apple.quarantine {} \\; 2>/dev/null || true\nfi\n";
		};
		A97DF7A32ECD42E4009A20DD /* Remove quarantine for TestFlight */ = {
			isa = PBXShellScriptBuildPhase;
			buildActionMask = 2147483647;
			files = (
			);
			inputFileListPaths = (
			);
			inputPaths = (
			);
			name = "Remove quarantine for TestFlight";
			outputFileListPaths = (
			);
			outputPaths = (
			);
			runOnlyForDeploymentPostprocessing = 0;
			shellPath = /bin/sh;
			shellScript = "# Remove quarantine xattr from app bundle (required for TestFlight/App Store)\nif [ -d \"${BUILT_PRODUCTS_DIR}/${WRAPPER_NAME}\" ]; then\n  find \"${BUILT_PRODUCTS_DIR}/${WRAPPER_NAME}\" -type f -exec xattr -d com.apple.quarantine {} \\; 2>/dev/null || true\nfi\n";
		};
/* End PBXShellScriptBuildPhase section */

/* Begin PBXSourcesBuildPhase section */
		A978FDEA2F5141110050C6E1 /* Sources */ = {
			isa = PBXSourcesBuildPhase;
			buildActionMask = 2147483647;
			files = (
			);
			runOnlyForDeploymentPostprocessing = 0;
		};
		A978FDFB2F5141120050C6E1 /* Sources */ = {
			isa = PBXSourcesBuildPhase;
			buildActionMask = 2147483647;
			files = (
			);
			runOnlyForDeploymentPostprocessing = 0;
		};
		A978FE052F5141120050C6E1 /* Sources */ = {
			isa = PBXSourcesBuildPhase;
			buildActionMask = 2147483647;
			files = (
			);
			runOnlyForDeploymentPostprocessing = 0;
		};
		A97DF7632ECD42E3009A20DD /* Sources */ = {
			isa = PBXSourcesBuildPhase;
			buildActionMask = 2147483647;
			files = (
			);
			runOnlyForDeploymentPostprocessing = 0;
		};
		A97DF7732ECD42E4009A20DD /* Sources */ = {
			isa = PBXSourcesBuildPhase;
			buildActionMask = 2147483647;
			files = (
			);
			runOnlyForDeploymentPostprocessing = 0;
		};
		A97DF77D2ECD42E4009A20DD /* Sources */ = {
			isa = PBXSourcesBuildPhase;
			buildActionMask = 2147483647;
			files = (
			);
			runOnlyForDeploymentPostprocessing = 0;
		};
/* End PBXSourcesBuildPhase section */

/* Begin PBXTargetDependency section */
		A978FE012F5141120050C6E1 /* PBXTargetDependency */ = {
			isa = PBXTargetDependency;
			target = A978FDED2F5141110050C6E1 /* BetaWindowReporter */;
			targetProxy = A978FE002F5141120050C6E1 /* PBXContainerItemProxy */;
		};
		A978FE0B2F5141120050C6E1 /* PBXTargetDependency */ = {
			isa = PBXTargetDependency;
			target = A978FDED2F5141110050C6E1 /* BetaWindowReporter */;
			targetProxy = A978FE0A2F5141120050C6E1 /* PBXContainerItemProxy */;
		};
		A97DF7792ECD42E4009A20DD /* PBXTargetDependency */ = {
			isa = PBXTargetDependency;
			target = A97DF7662ECD42E3009A20DD /* WindowReporter */;
			targetProxy = A97DF7782ECD42E4009A20DD /* PBXContainerItemProxy */;
		};
		A97DF7832ECD42E4009A20DD /* PBXTargetDependency */ = {
			isa = PBXTargetDependency;
			target = A97DF7662ECD42E3009A20DD /* WindowReporter */;
			targetProxy = A97DF7822ECD42E4009A20DD /* PBXContainerItemProxy */;
		};
/* End PBXTargetDependency section */

/* Begin XCBuildConfiguration section */
		A978FE122F5141120050C6E1 /* Debug */ = {
			isa = XCBuildConfiguration;
			buildSettings = {
				ASSETCATALOG_COMPILER_APPICON_NAME = AppIcon;
				ASSETCATALOG_COMPILER_GLOBAL_ACCENT_COLOR_NAME = AccentColor;
				CODE_SIGN_STYLE = Automatic;
				COMBINE_HIDPI_IMAGES = YES;
				CURRENT_PROJECT_VERSION = 9;
				DEVELOPMENT_TEAM = Q3CS4DPG9Y;
				ENABLE_APP_SANDBOX = YES;
				ENABLE_HARDENED_RUNTIME = YES;
				ENABLE_PREVIEWS = YES;
				ENABLE_USER_SELECTED_FILES = readonly;
				GENERATE_INFOPLIST_FILE = YES;
				INFOPLIST_KEY_CFBundleDisplayName = BetaWindowReporter;
				INFOPLIST_KEY_LSApplicationCategoryType = "public.app-category.business";
				INFOPLIST_KEY_NSHumanReadableCopyright = "";
				LD_RUNPATH_SEARCH_PATHS = (
					"$(inherited)",
					"@executable_path/../Frameworks",
				);
				MACOSX_DEPLOYMENT_TARGET = 14.6;
				MARKETING_VERSION = 1.0;
				PRODUCT_BUNDLE_IDENTIFIER = RestRiseGrow.BetaWindowReporter;
				PRODUCT_NAME = "$(TARGET_NAME)";
				REGISTER_APP_GROUPS = YES;
				STRING_CATALOG_GENERATE_SYMBOLS = YES;
				SWIFT_APPROACHABLE_CONCURRENCY = YES;
				SWIFT_DEFAULT_ACTOR_ISOLATION = MainActor;
				SWIFT_EMIT_LOC_STRINGS = YES;
				SWIFT_UPCOMING_FEATURE_MEMBER_IMPORT_VISIBILITY = YES;
				SWIFT_VERSION = 5.0;
			};
			name = Debug;
		};
		A978FE132F5141120050C6E1 /* Release */ = {
			isa = XCBuildConfiguration;
			buildSettings = {
				ASSETCATALOG_COMPILER_APPICON_NAME = AppIcon;
				ASSETCATALOG_COMPILER_GLOBAL_ACCENT_COLOR_NAME = AccentColor;
				CODE_SIGN_STYLE = Automatic;
				COMBINE_HIDPI_IMAGES = YES;
				CURRENT_PROJECT_VERSION = 9;
				DEVELOPMENT_TEAM = Q3CS4DPG9Y;
				ENABLE_APP_SANDBOX = YES;
				ENABLE_HARDENED_RUNTIME = YES;
				ENABLE_PREVIEWS = YES;
				ENABLE_USER_SELECTED_FILES = readonly;
				GENERATE_INFOPLIST_FILE = YES;
				INFOPLIST_KEY_CFBundleDisplayName = BetaWindowReporter;
				INFOPLIST_KEY_LSApplicationCategoryType = "public.app-category.business";
				INFOPLIST_KEY_NSHumanReadableCopyright = "";
				LD_RUNPATH_SEARCH_PATHS = (
					"$(inherited)",
					"@executable_path/../Frameworks",
				);
				MACOSX_DEPLOYMENT_TARGET = 14.6;
				MARKETING_VERSION = 1.0;
				PRODUCT_BUNDLE_IDENTIFIER = RestRiseGrow.BetaWindowReporter;
				PRODUCT_NAME = "$(TARGET_NAME)";
				REGISTER_APP_GROUPS = YES;
				STRING_CATALOG_GENERATE_SYMBOLS = YES;
				SWIFT_APPROACHABLE_CONCURRENCY = YES;
				SWIFT_DEFAULT_ACTOR_ISOLATION = MainActor;
				SWIFT_EMIT_LOC_STRINGS = YES;
				SWIFT_UPCOMING_FEATURE_MEMBER_IMPORT_VISIBILITY = YES;
				SWIFT_VERSION = 5.0;
			};
			name = Release;
		};
		A978FE152F5141120050C6E1 /* Debug */ = {
			isa = XCBuildConfiguration;
			buildSettings = {
				BUNDLE_LOADER = "$(TEST_HOST)";
				CODE_SIGN_STYLE = Automatic;
				CURRENT_PROJECT_VERSION = 5;
				DEVELOPMENT_TEAM = Q3CS4DPG9Y;
				GENERATE_INFOPLIST_FILE = YES;
				MACOSX_DEPLOYMENT_TARGET = 26.1;
				MARKETING_VERSION = 1.0;
				PRODUCT_BUNDLE_IDENTIFIER = RestRiseGrow.BetaWindowReporterTests;
				PRODUCT_NAME = "$(TARGET_NAME)";
				STRING_CATALOG_GENERATE_SYMBOLS = NO;
				SWIFT_APPROACHABLE_CONCURRENCY = YES;
				SWIFT_EMIT_LOC_STRINGS = NO;
				SWIFT_UPCOMING_FEATURE_MEMBER_IMPORT_VISIBILITY = YES;
				SWIFT_VERSION = 5.0;
				TEST_HOST = "$(BUILT_PRODUCTS_DIR)/BetaWindowReporter.app/$(BUNDLE_EXECUTABLE_FOLDER_PATH)/BetaWindowReporter";
			};
			name = Debug;
		};
		A978FE162F5141120050C6E1 /* Release */ = {
			isa = XCBuildConfiguration;
			buildSettings = {
				BUNDLE_LOADER = "$(TEST_HOST)";
				CODE_SIGN_STYLE = Automatic;
				CURRENT_PROJECT_VERSION = 5;
				DEVELOPMENT_TEAM = Q3CS4DPG9Y;
				GENERATE_INFOPLIST_FILE = YES;
				MACOSX_DEPLOYMENT_TARGET = 26.1;
				MARKETING_VERSION = 1.0;
				PRODUCT_BUNDLE_IDENTIFIER = RestRiseGrow.BetaWindowReporterTests;
				PRODUCT_NAME = "$(TARGET_NAME)";
				STRING_CATALOG_GENERATE_SYMBOLS = NO;
				SWIFT_APPROACHABLE_CONCURRENCY = YES;
				SWIFT_EMIT_LOC_STRINGS = NO;
				SWIFT_UPCOMING_FEATURE_MEMBER_IMPORT_VISIBILITY = YES;
				SWIFT_VERSION = 5.0;
				TEST_HOST = "$(BUILT_PRODUCTS_DIR)/BetaWindowReporter.app/$(BUNDLE_EXECUTABLE_FOLDER_PATH)/BetaWindowReporter";
			};
			name = Release;
		};
		A978FE182F5141120050C6E1 /* Debug */ = {
			isa = XCBuildConfiguration;
			buildSettings = {
				CODE_SIGN_STYLE = Automatic;
				CURRENT_PROJECT_VERSION = 5;
				DEVELOPMENT_TEAM = Q3CS4DPG9Y;
				GENERATE_INFOPLIST_FILE = YES;
				MARKETING_VERSION = 1.0;
				PRODUCT_BUNDLE_IDENTIFIER = RestRiseGrow.BetaWindowReporterUITests;
				PRODUCT_NAME = "$(TARGET_NAME)";
				STRING_CATALOG_GENERATE_SYMBOLS = NO;
				SWIFT_APPROACHABLE_CONCURRENCY = YES;
				SWIFT_EMIT_LOC_STRINGS = NO;
				SWIFT_UPCOMING_FEATURE_MEMBER_IMPORT_VISIBILITY = YES;
				SWIFT_VERSION = 5.0;
				TEST_TARGET_NAME = BetaWindowReporter;
			};
			name = Debug;
		};
		A978FE192F5141120050C6E1 /* Release */ = {
			isa = XCBuildConfiguration;
			buildSettings = {
				CODE_SIGN_STYLE = Automatic;
				CURRENT_PROJECT_VERSION = 5;
				DEVELOPMENT_TEAM = Q3CS4DPG9Y;
				GENERATE_INFOPLIST_FILE = YES;
				MARKETING_VERSION = 1.0;
				PRODUCT_BUNDLE_IDENTIFIER = RestRiseGrow.BetaWindowReporterUITests;
				PRODUCT_NAME = "$(TARGET_NAME)";
				STRING_CATALOG_GENERATE_SYMBOLS = NO;
				SWIFT_APPROACHABLE_CONCURRENCY = YES;
				SWIFT_EMIT_LOC_STRINGS = NO;
				SWIFT_UPCOMING_FEATURE_MEMBER_IMPORT_VISIBILITY = YES;
				SWIFT_VERSION = 5.0;
				TEST_TARGET_NAME = BetaWindowReporter;
			};
			name = Release;
		};
		A97DF78B2ECD42E4009A20DD /* Debug */ = {
			isa = XCBuildConfiguration;
			buildSettings = {
				ASSETCATALOG_COMPILER_APPICON_NAME = AppIcon;
				ASSETCATALOG_COMPILER_GLOBAL_ACCENT_COLOR_NAME = AccentColor;
				CODE_SIGN_STYLE = Automatic;
				COMBINE_HIDPI_IMAGES = YES;
				CURRENT_PROJECT_VERSION = 5;
				DEVELOPMENT_TEAM = Q3CS4DPG9Y;
				ENABLE_APP_SANDBOX = YES;
				ENABLE_HARDENED_RUNTIME = YES;
				ENABLE_PREVIEWS = YES;
				ENABLE_USER_SELECTED_FILES = readwrite;
				GENERATE_INFOPLIST_FILE = YES;
				INFOPLIST_FILE = WindowReporter/Info.plist;
				INFOPLIST_KEY_CFBundleDisplayName = ReportWriter;
				INFOPLIST_KEY_NSHumanReadableCopyright = "";
				LD_RUNPATH_SEARCH_PATHS = (
					"$(inherited)",
					"@executable_path/../Frameworks",
				);
				MACOSX_DEPLOYMENT_TARGET = 14.6;
				MARKETING_VERSION = 1.0;
				PRODUCT_BUNDLE_IDENTIFIER = RestRiseGrow.WindowReporter;
				PRODUCT_NAME = "$(TARGET_NAME)";
				REGISTER_APP_GROUPS = YES;
				STRING_CATALOG_GENERATE_SYMBOLS = YES;
				SWIFT_APPROACHABLE_CONCURRENCY = YES;
				SWIFT_DEFAULT_ACTOR_ISOLATION = MainActor;
				SWIFT_EMIT_LOC_STRINGS = YES;
				SWIFT_UPCOMING_FEATURE_MEMBER_IMPORT_VISIBILITY = YES;
				SWIFT_VERSION = 5.0;
			};
			name = Debug;
		};
		A97DF78C2ECD42E4009A20DD /* Release */ = {
			isa = XCBuildConfiguration;
			buildSettings = {
				ASSETCATALOG_COMPILER_APPICON_NAME = AppIcon;
				ASSETCATALOG_COMPILER_GLOBAL_ACCENT_COLOR_NAME = AccentColor;
				CODE_SIGN_STYLE = Automatic;
				COMBINE_HIDPI_IMAGES = YES;
				CURRENT_PROJECT_VERSION = 5;
				DEVELOPMENT_TEAM = Q3CS4DPG9Y;
				ENABLE_APP_SANDBOX = YES;
				ENABLE_HARDENED_RUNTIME = YES;
				ENABLE_PREVIEWS = YES;
				ENABLE_USER_SELECTED_FILES = readwrite;
				GENERATE_INFOPLIST_FILE = YES;
				INFOPLIST_FILE = WindowReporter/Info.plist;
				INFOPLIST_KEY_CFBundleDisplayName = ReportWriter;
				INFOPLIST_KEY_NSHumanReadableCopyright = "";
				LD_RUNPATH_SEARCH_PATHS = (
					"$(inherited)",
					"@executable_path/../Frameworks",
				);
				MACOSX_DEPLOYMENT_TARGET = 14.6;
				MARKETING_VERSION = 1.0;
				PRODUCT_BUNDLE_IDENTIFIER = RestRiseGrow.WindowReporter;
				PRODUCT_NAME = "$(TARGET_NAME)";
				REGISTER_APP_GROUPS = YES;
				STRING_CATALOG_GENERATE_SYMBOLS = YES;
				SWIFT_APPROACHABLE_CONCURRENCY = YES;
				SWIFT_DEFAULT_ACTOR_ISOLATION = MainActor;
				SWIFT_EMIT_LOC_STRINGS = YES;
				SWIFT_UPCOMING_FEATURE_MEMBER_IMPORT_VISIBILITY = YES;
				SWIFT_VERSION = 5.0;
			};
			name = Release;
		};
		A97DF78D2ECD42E4009A20DD /* Debug */ = {
			isa = XCBuildConfiguration;
			buildSettings = {
				ALWAYS_SEARCH_USER_PATHS = NO;
				ASSETCATALOG_COMPILER_GENERATE_SWIFT_ASSET_SYMBOL_EXTENSIONS = YES;
				CLANG_ANALYZER_NONNULL = YES;
				CLANG_ANALYZER_NUMBER_OBJECT_CONVERSION = YES_AGGRESSIVE;
				CLANG_CXX_LANGUAGE_STANDARD = "gnu++20";
				CLANG_ENABLE_MODULES = YES;
				CLANG_ENABLE_OBJC_ARC = YES;
				CLANG_ENABLE_OBJC_WEAK = YES;
				CLANG_WARN_BLOCK_CAPTURE_AUTORELEASING = YES;
				CLANG_WARN_BOOL_CONVERSION = YES;
				CLANG_WARN_COMMA = YES;
				CLANG_WARN_CONSTANT_CONVERSION = YES;
				CLANG_WARN_DEPRECATED_OBJC_IMPLEMENTATIONS = YES;
				CLANG_WARN_DIRECT_OBJC_ISA_USAGE = YES_ERROR;
				CLANG_WARN_DOCUMENTATION_COMMENTS = YES;
				CLANG_WARN_EMPTY_BODY = YES;
				CLANG_WARN_ENUM_CONVERSION = YES;
				CLANG_WARN_INFINITE_RECURSION = YES;
				CLANG_WARN_INT_CONVERSION = YES;
				CLANG_WARN_NON_LITERAL_NULL_CONVERSION = YES;
				CLANG_WARN_OBJC_IMPLICIT_RETAIN_SELF = YES;
				CLANG_WARN_OBJC_LITERAL_CONVERSION = YES;
				CLANG_WARN_OBJC_ROOT_CLASS = YES_ERROR;
				CLANG_WARN_QUOTED_INCLUDE_IN_FRAMEWORK_HEADER = YES;
				CLANG_WARN_RANGE_LOOP_ANALYSIS = YES;
				CLANG_WARN_STRICT_PROTOTYPES = YES;
				CLANG_WARN_SUSPICIOUS_MOVE = YES;
				CLANG_WARN_UNGUARDED_AVAILABILITY = YES_AGGRESSIVE;
				CLANG_WARN_UNREACHABLE_CODE = YES;
				CLANG_WARN__DUPLICATE_METHOD_MATCH = YES;
				COPY_PHASE_STRIP = NO;
				DEBUG_INFORMATION_FORMAT = dwarf;
				DEVELOPMENT_TEAM = Q3CS4DPG9Y;
				ENABLE_STRICT_OBJC_MSGSEND = YES;
				ENABLE_TESTABILITY = YES;
				ENABLE_USER_SCRIPT_SANDBOXING = YES;
				GCC_C_LANGUAGE_STANDARD = gnu17;
				GCC_DYNAMIC_NO_PIC = NO;
				GCC_NO_COMMON_BLOCKS = YES;
				GCC_OPTIMIZATION_LEVEL = 0;
				GCC_PREPROCESSOR_DEFINITIONS = (
					"DEBUG=1",
					"$(inherited)",
				);
				GCC_WARN_64_TO_32_BIT_CONVERSION = YES;
				GCC_WARN_ABOUT_RETURN_TYPE = YES_ERROR;
				GCC_WARN_UNDECLARED_SELECTOR = YES;
				GCC_WARN_UNINITIALIZED_AUTOS = YES_AGGRESSIVE;
				GCC_WARN_UNUSED_FUNCTION = YES;
				GCC_WARN_UNUSED_VARIABLE = YES;
				LOCALIZATION_PREFERS_STRING_CATALOGS = YES;
				MACOSX_DEPLOYMENT_TARGET = 26.1;
				MTL_ENABLE_DEBUG_INFO = INCLUDE_SOURCE;
				MTL_FAST_MATH = YES;
				ONLY_ACTIVE_ARCH = YES;
				SDKROOT = macosx;
				SWIFT_ACTIVE_COMPILATION_CONDITIONS = "DEBUG $(inherited)";
				SWIFT_OPTIMIZATION_LEVEL = "-Onone";
			};
			name = Debug;
		};
		A97DF78E2ECD42E4009A20DD /* Release */ = {
			isa = XCBuildConfiguration;
			buildSettings = {
				ALWAYS_SEARCH_USER_PATHS = NO;
				ASSETCATALOG_COMPILER_GENERATE_SWIFT_ASSET_SYMBOL_EXTENSIONS = YES;
				CLANG_ANALYZER_NONNULL = YES;
				CLANG_ANALYZER_NUMBER_OBJECT_CONVERSION = YES_AGGRESSIVE;
				CLANG_CXX_LANGUAGE_STANDARD = "gnu++20";
				CLANG_ENABLE_MODULES = YES;
				CLANG_ENABLE_OBJC_ARC = YES;
				CLANG_ENABLE_OBJC_WEAK = YES;
				CLANG_WARN_BLOCK_CAPTURE_AUTORELEASING = YES;
				CLANG_WARN_BOOL_CONVERSION = YES;
				CLANG_WARN_COMMA = YES;
				CLANG_WARN_CONSTANT_CONVERSION = YES;
				CLANG_WARN_DEPRECATED_OBJC_IMPLEMENTATIONS = YES;
				CLANG_WARN_DIRECT_OBJC_ISA_USAGE = YES_ERROR;
				CLANG_WARN_DOCUMENTATION_COMMENTS = YES;
				CLANG_WARN_EMPTY_BODY = YES;
				CLANG_WARN_ENUM_CONVERSION = YES;
				CLANG_WARN_INFINITE_RECURSION = YES;
				CLANG_WARN_INT_CONVERSION = YES;
				CLANG_WARN_NON_LITERAL_NULL_CONVERSION = YES;
				CLANG_WARN_OBJC_IMPLICIT_RETAIN_SELF = YES;
				CLANG_WARN_OBJC_LITERAL_CONVERSION = YES;
				CLANG_WARN_OBJC_ROOT_CLASS = YES_ERROR;
				CLANG_WARN_QUOTED_INCLUDE_IN_FRAMEWORK_HEADER = YES;
				CLANG_WARN_RANGE_LOOP_ANALYSIS = YES;
				CLANG_WARN_STRICT_PROTOTYPES = YES;
				CLANG_WARN_SUSPICIOUS_MOVE = YES;
				CLANG_WARN_UNGUARDED_AVAILABILITY = YES_AGGRESSIVE;
				CLANG_WARN_UNREACHABLE_CODE = YES;
				CLANG_WARN__DUPLICATE_METHOD_MATCH = YES;
				COPY_PHASE_STRIP = NO;
				DEBUG_INFORMATION_FORMAT = "dwarf-with-dsym";
				DEVELOPMENT_TEAM = Q3CS4DPG9Y;
				ENABLE_NS_ASSERTIONS = NO;
				ENABLE_STRICT_OBJC_MSGSEND = YES;
				ENABLE_USER_SCRIPT_SANDBOXING = YES;
				GCC_C_LANGUAGE_STANDARD = gnu17;
				GCC_NO_COMMON_BLOCKS = YES;
				GCC_WARN_64_TO_32_BIT_CONVERSION = YES;
				GCC_WARN_ABOUT_RETURN_TYPE = YES_ERROR;
				GCC_WARN_UNDECLARED_SELECTOR = YES;
				GCC_WARN_UNINITIALIZED_AUTOS = YES_AGGRESSIVE;
				GCC_WARN_UNUSED_FUNCTION = YES;
				GCC_WARN_UNUSED_VARIABLE = YES;
				LOCALIZATION_PREFERS_STRING_CATALOGS = YES;
				MACOSX_DEPLOYMENT_TARGET = 26.1;
				MTL_ENABLE_DEBUG_INFO = NO;
				MTL_FAST_MATH = YES;
				SDKROOT = macosx;
				SWIFT_COMPILATION_MODE = wholemodule;
			};
			name = Release;
		};
		A97DF7902ECD42E4009A20DD /* Debug */ = {
			isa = XCBuildConfiguration;
			buildSettings = {
				BUNDLE_LOADER = "$(TEST_HOST)";
				CODE_SIGN_STYLE = Automatic;
				CURRENT_PROJECT_VERSION = 5;
				DEVELOPMENT_TEAM = Q3CS4DPG9Y;
				GENERATE_INFOPLIST_FILE = YES;
				MACOSX_DEPLOYMENT_TARGET = 26.1;
				MARKETING_VERSION = 1.0;
				PRODUCT_BUNDLE_IDENTIFIER = RestRiseGrow.WindowReporterTests;
				PRODUCT_NAME = "$(TARGET_NAME)";
				STRING_CATALOG_GENERATE_SYMBOLS = NO;
				SWIFT_APPROACHABLE_CONCURRENCY = YES;
				SWIFT_EMIT_LOC_STRINGS = NO;
				SWIFT_UPCOMING_FEATURE_MEMBER_IMPORT_VISIBILITY = YES;
				SWIFT_VERSION = 5.0;
				TEST_HOST = "$(BUILT_PRODUCTS_DIR)/WindowReporter.app/$(BUNDLE_EXECUTABLE_FOLDER_PATH)/WindowReporter";
			};
			name = Debug;
		};
		A97DF7912ECD42E4009A20DD /* Release */ = {
			isa = XCBuildConfiguration;
			buildSettings = {
				BUNDLE_LOADER = "$(TEST_HOST)";
				CODE_SIGN_STYLE = Automatic;
				CURRENT_PROJECT_VERSION = 5;
				DEVELOPMENT_TEAM = Q3CS4DPG9Y;
				GENERATE_INFOPLIST_FILE = YES;
				MACOSX_DEPLOYMENT_TARGET = 26.1;
				MARKETING_VERSION = 1.0;
				PRODUCT_BUNDLE_IDENTIFIER = RestRiseGrow.WindowReporterTests;
				PRODUCT_NAME = "$(TARGET_NAME)";
				STRING_CATALOG_GENERATE_SYMBOLS = NO;
				SWIFT_APPROACHABLE_CONCURRENCY = YES;
				SWIFT_EMIT_LOC_STRINGS = NO;
				SWIFT_UPCOMING_FEATURE_MEMBER_IMPORT_VISIBILITY = YES;
				SWIFT_VERSION = 5.0;
				TEST_HOST = "$(BUILT_PRODUCTS_DIR)/WindowReporter.app/$(BUNDLE_EXECUTABLE_FOLDER_PATH)/WindowReporter";
			};
			name = Release;
		};
		A97DF7932ECD42E4009A20DD /* Debug */ = {
			isa = XCBuildConfiguration;
			buildSettings = {
				CODE_SIGN_STYLE = Automatic;
				CURRENT_PROJECT_VERSION = 5;
				DEVELOPMENT_TEAM = Q3CS4DPG9Y;
				GENERATE_INFOPLIST_FILE = YES;
				MARKETING_VERSION = 1.0;
				PRODUCT_BUNDLE_IDENTIFIER = RestRiseGrow.WindowReporterUITests;
				PRODUCT_NAME = "$(TARGET_NAME)";
				STRING_CATALOG_GENERATE_SYMBOLS = NO;
				SWIFT_APPROACHABLE_CONCURRENCY = YES;
				SWIFT_EMIT_LOC_STRINGS = NO;
				SWIFT_UPCOMING_FEATURE_MEMBER_IMPORT_VISIBILITY = YES;
				SWIFT_VERSION = 5.0;
				TEST_TARGET_NAME = WindowReporter;
			};
			name = Debug;
		};
		A97DF7942ECD42E4009A20DD /* Release */ = {
			isa = XCBuildConfiguration;
			buildSettings = {
				CODE_SIGN_STYLE = Automatic;
				CURRENT_PROJECT_VERSION = 5;
				DEVELOPMENT_TEAM = Q3CS4DPG9Y;
				GENERATE_INFOPLIST_FILE = YES;
				MARKETING_VERSION = 1.0;
				PRODUCT_BUNDLE_IDENTIFIER = RestRiseGrow.WindowReporterUITests;
				PRODUCT_NAME = "$(TARGET_NAME)";
				STRING_CATALOG_GENERATE_SYMBOLS = NO;
				SWIFT_APPROACHABLE_CONCURRENCY = YES;
				SWIFT_EMIT_LOC_STRINGS = NO;
				SWIFT_UPCOMING_FEATURE_MEMBER_IMPORT_VISIBILITY = YES;
				SWIFT_VERSION = 5.0;
				TEST_TARGET_NAME = WindowReporter;
			};
			name = Release;
		};
/* End XCBuildConfiguration section */

/* Begin XCConfigurationList section */
		A978FE112F5141120050C6E1 /* Build configuration list for PBXNativeTarget "BetaWindowReporter" */ = {
			isa = XCConfigurationList;
			buildConfigurations = (
				A978FE122F5141120050C6E1 /* Debug */,
				A978FE132F5141120050C6E1 /* Release */,
			);
			defaultConfigurationIsVisible = 0;
			defaultConfigurationName = Release;
		};
		A978FE142F5141120050C6E1 /* Build configuration list for PBXNativeTarget "BetaWindowReporterTests" */ = {
			isa = XCConfigurationList;
			buildConfigurations = (
				A978FE152F5141120050C6E1 /* Debug */,
				A978FE162F5141120050C6E1 /* Release */,
			);
			defaultConfigurationIsVisible = 0;
			defaultConfigurationName = Release;
		};
		A978FE172F5141120050C6E1 /* Build configuration list for PBXNativeTarget "BetaWindowReporterUITests" */ = {
			isa = XCConfigurationList;
			buildConfigurations = (
				A978FE182F5141120050C6E1 /* Debug */,
				A978FE192F5141120050C6E1 /* Release */,
			);
			defaultConfigurationIsVisible = 0;
			defaultConfigurationName = Release;
		};
		A97DF7622ECD42E3009A20DD /* Build configuration list for PBXProject "WindowReporter" */ = {
			isa = XCConfigurationList;
			buildConfigurations = (
				A97DF78D2ECD42E4009A20DD /* Debug */,
				A97DF78E2ECD42E4009A20DD /* Release */,
			);
			defaultConfigurationIsVisible = 0;
			defaultConfigurationName = Release;
		};
		A97DF78A2ECD42E4009A20DD /* Build configuration list for PBXNativeTarget "WindowReporter" */ = {
			isa = XCConfigurationList;
			buildConfigurations = (
				A97DF78B2ECD42E4009A20DD /* Debug */,
				A97DF78C2ECD42E4009A20DD /* Release */,
			);
			defaultConfigurationIsVisible = 0;
			defaultConfigurationName = Release;
		};
		A97DF78F2ECD42E4009A20DD /* Build configuration list for PBXNativeTarget "WindowReporterTests" */ = {
			isa = XCConfigurationList;
			buildConfigurations = (
				A97DF7902ECD42E4009A20DD /* Debug */,
				A97DF7912ECD42E4009A20DD /* Release */,
			);
			defaultConfigurationIsVisible = 0;
			defaultConfigurationName = Release;
		};
		A97DF7922ECD42E4009A20DD /* Build configuration list for PBXNativeTarget "WindowReporterUITests" */ = {
			isa = XCConfigurationList;
			buildConfigurations = (
				A97DF7932ECD42E4009A20DD /* Debug */,
				A97DF7942ECD42E4009A20DD /* Release */,
			);
			defaultConfigurationIsVisible = 0;
			defaultConfigurationName = Release;
		};
/* End XCConfigurationList section */

/* Begin XCRemoteSwiftPackageReference section */
		A97DF7A02ECD42E4009A20DD /* XCRemoteSwiftPackageReference "ZIPFoundation" */ = {
			isa = XCRemoteSwiftPackageReference;
			repositoryURL = "https://github.com/weichsel/ZIPFoundation.git";
			requirement = {
				kind = upToNextMajorVersion;
				minimumVersion = 0.9.19;
			};
		};
/* End XCRemoteSwiftPackageReference section */

/* Begin XCSwiftPackageProductDependency section */
		A97DF7A12ECD42E4009A20DD /* ZIPFoundation */ = {
			isa = XCSwiftPackageProductDependency;
			package = A97DF7A02ECD42E4009A20DD /* XCRemoteSwiftPackageReference "ZIPFoundation" */;
			productName = ZIPFoundation;
		};
/* End XCSwiftPackageProductDependency section */
	};
	rootObject = A97DF75F2ECD42E3009A20DD /* Project object */;
}
